
Microsoft Visual Studio Solution File, Format Version 12.00
# Visual Studio Version 17
VisualStudioVersion = 17.3.32825.248
MinimumVisualStudioVersion = 10.0.40219.1
Project("{FAE04EC0-301F-11D3-BF4B-00C04F79EFBC}") = "DVCareer", "DVCareer.csproj", "{74D5A61F-CF6D-41D5-97DD-8F74C2BE136D}"
EndProject
Global
	GlobalSection(SolutionConfigurationPlatforms) = preSolution
		Debug|Any CPU = Debug|Any CPU
		Release|Any CPU = Release|Any CPU
	EndGlobalSection
	GlobalSection(ProjectConfigurationPlatforms) = postSolution
		{74D5A61F-CF6D-41D5-97DD-8F74C2BE136D}.Debug|Any CPU.ActiveCfg = Debug|Any CPU
		{74D5A61F-CF6D-41D5-97DD-8F74C2BE136D}.Debug|Any CPU.Build.0 = Debug|Any CPU
		{74D5A61F-CF6D-41D5-97DD-8F74C2BE136D}.Release|Any CPU.ActiveCfg = Release|Any CPU
		{74D5A61F-CF6D-41D5-97DD-8F74C2BE136D}.Release|Any CPU.Build.0 = Release|Any CPU
	EndGlobalSection
	GlobalSection(SolutionProperties) = preSolution
		HideSolutionNode = FALSE
	EndGlobalSection
	GlobalSection(ExtensibilityGlobals) = postSolution
		SolutionGuid = {27C99301-8218-4A57-AB3A-B2E7DE3F1234}
	EndGlobalSection
EndGlobal
